
Microsoft Visual Studio Solution File, Format Version 12.00
# Visual Studio Version 17
VisualStudioVersion = 17.10.35122.118
MinimumVisualStudioVersion = 10.0.40219.1
Project("{2150E333-8FDC-42A3-9474-1A3956D46DE8}") = "Presentation", "Presentation", "{D0F1A8A7-479A-42FB-872E-BAA2DD0481CC}"
EndProject
Project("{2150E333-8FDC-42A3-9474-1A3956D46DE8}") = "Application", "Application", "{9082C022-7683-439A-A032-8D8529A5FCFA}"
EndProject
Project("{2150E333-8FDC-42A3-9474-1A3956D46DE8}") = "Infrastructure", "Infrastructure", "{8E505A1D-F323-4F7C-A908-7B82C4430542}"
EndProject
Project("{2150E333-8FDC-42A3-9474-1A3956D46DE8}") = "Domain", "Domain", "{A83B6254-225A-4651-BB05-626E5D892BD2}"
EndProject
Project("{9A19103F-16F7-4668-BE54-9A1E7A4F7556}") = "eshop.Domain", "src\eshop.Domain\eshop.Domain.csproj", "{C715B50F-409A-4630-8FF4-693BDBA4084C}"
EndProject
Project("{9A19103F-16F7-4668-BE54-9A1E7A4F7556}") = "eshop.API", "src\eshop.API\eshop.API.csproj", "{5F813D0F-92FA-426E-8135-55CF6361F07D}"
EndProject
Project("{9A19103F-16F7-4668-BE54-9A1E7A4F7556}") = "eshop.Application", "src\eshop.Application\eshop.Application.csproj", "{D6E031FE-CC36-452B-99BC-AE7F1954FBEA}"
EndProject
Project("{FAE04EC0-301F-11D3-BF4B-00C04F79EFBC}") = "eshop.Infrastructure", "src\eshop.Infrastructure\eshop.Infrastructure.csproj", "{0216C22B-7A86-4BD4-B9F4-77E219E036AB}"
EndProject
Global
	GlobalSection(SolutionConfigurationPlatforms) = preSolution
		Debug|Any CPU = Debug|Any CPU
		Release|Any CPU = Release|Any CPU
	EndGlobalSection
	GlobalSection(ProjectConfigurationPlatforms) = postSolution
		{C715B50F-409A-4630-8FF4-693BDBA4084C}.Debug|Any CPU.ActiveCfg = Debug|Any CPU
		{C715B50F-409A-4630-8FF4-693BDBA4084C}.Debug|Any CPU.Build.0 = Debug|Any CPU
		{C715B50F-409A-4630-8FF4-693BDBA4084C}.Release|Any CPU.ActiveCfg = Release|Any CPU
		{C715B50F-409A-4630-8FF4-693BDBA4084C}.Release|Any CPU.Build.0 = Release|Any CPU
		{5F813D0F-92FA-426E-8135-55CF6361F07D}.Debug|Any CPU.ActiveCfg = Debug|Any CPU
		{5F813D0F-92FA-426E-8135-55CF6361F07D}.Debug|Any CPU.Build.0 = Debug|Any CPU
		{5F813D0F-92FA-426E-8135-55CF6361F07D}.Release|Any CPU.ActiveCfg = Release|Any CPU
		{5F813D0F-92FA-426E-8135-55CF6361F07D}.Release|Any CPU.Build.0 = Release|Any CPU
		{D6E031FE-CC36-452B-99BC-AE7F1954FBEA}.Debug|Any CPU.ActiveCfg = Debug|Any CPU
		{D6E031FE-CC36-452B-99BC-AE7F1954FBEA}.Debug|Any CPU.Build.0 = Debug|Any CPU
		{D6E031FE-CC36-452B-99BC-AE7F1954FBEA}.Release|Any CPU.ActiveCfg = Release|Any CPU
		{D6E031FE-CC36-452B-99BC-AE7F1954FBEA}.Release|Any CPU.Build.0 = Release|Any CPU
		{0216C22B-7A86-4BD4-B9F4-77E219E036AB}.Debug|Any CPU.ActiveCfg = Debug|Any CPU
		{0216C22B-7A86-4BD4-B9F4-77E219E036AB}.Debug|Any CPU.Build.0 = Debug|Any CPU
		{0216C22B-7A86-4BD4-B9F4-77E219E036AB}.Release|Any CPU.ActiveCfg = Release|Any CPU
		{0216C22B-7A86-4BD4-B9F4-77E219E036AB}.Release|Any CPU.Build.0 = Release|Any CPU
	EndGlobalSection
	GlobalSection(SolutionProperties) = preSolution
		HideSolutionNode = FALSE
	EndGlobalSection
	GlobalSection(NestedProjects) = preSolution
		{C715B50F-409A-4630-8FF4-693BDBA4084C} = {A83B6254-225A-4651-BB05-626E5D892BD2}
		{5F813D0F-92FA-426E-8135-55CF6361F07D} = {D0F1A8A7-479A-42FB-872E-BAA2DD0481CC}
		{D6E031FE-CC36-452B-99BC-AE7F1954FBEA} = {9082C022-7683-439A-A032-8D8529A5FCFA}
		{0216C22B-7A86-4BD4-B9F4-77E219E036AB} = {8E505A1D-F323-4F7C-A908-7B82C4430542}
	EndGlobalSection
	GlobalSection(ExtensibilityGlobals) = postSolution
		SolutionGuid = {440F578D-0D01-458F-9637-E69B065C673C}
	EndGlobalSection
EndGlobal
