
Microsoft Visual Studio Solution File, Format Version 12.00
# Visual Studio Version 17
VisualStudioVersion = 17.12.35521.163 d17.12
MinimumVisualStudioVersion = 10.0.40219.1
Project("{FAE04EC0-301F-11D3-BF4B-00C04F79EFBC}") = "Kommunity.API", "Kommunity.API\Kommunity.API.csproj", "{839B2856-6013-4192-9F4C-0EBA06F07E64}"
EndProject
Project("{FAE04EC0-301F-11D3-BF4B-00C04F79EFBC}") = "Kommunity.API.Tests", "Kommunity.API.Tests\Kommunity.API.Tests.csproj", "{40BFE46D-8591-4366-A976-6FEC56D14F61}"
EndProject
Global
	GlobalSection(SolutionConfigurationPlatforms) = preSolution
		Debug|Any CPU = Debug|Any CPU
		Release|Any CPU = Release|Any CPU
	EndGlobalSection
	GlobalSection(ProjectConfigurationPlatforms) = postSolution
		{839B2856-6013-4192-9F4C-0EBA06F07E64}.Debug|Any CPU.ActiveCfg = Debug|Any CPU
		{839B2856-6013-4192-9F4C-0EBA06F07E64}.Debug|Any CPU.Build.0 = Debug|Any CPU
		{839B2856-6013-4192-9F4C-0EBA06F07E64}.Release|Any CPU.ActiveCfg = Release|Any CPU
		{839B2856-6013-4192-9F4C-0EBA06F07E64}.Release|Any CPU.Build.0 = Release|Any CPU
		{40BFE46D-8591-4366-A976-6FEC56D14F61}.Debug|Any CPU.ActiveCfg = Debug|Any CPU
		{40BFE46D-8591-4366-A976-6FEC56D14F61}.Debug|Any CPU.Build.0 = Debug|Any CPU
		{40BFE46D-8591-4366-A976-6FEC56D14F61}.Release|Any CPU.ActiveCfg = Release|Any CPU
		{40BFE46D-8591-4366-A976-6FEC56D14F61}.Release|Any CPU.Build.0 = Release|Any CPU
	EndGlobalSection
	GlobalSection(SolutionProperties) = preSolution
		HideSolutionNode = FALSE
	EndGlobalSection
EndGlobal
