
Microsoft Visual Studio Solution File, Format Version 12.00
# Visual Studio Version 17
VisualStudioVersion = 17.10.35122.118
MinimumVisualStudioVersion = 10.0.40219.1
Project("{FAE04EC0-301F-11D3-BF4B-00C04F79EFBC}") = "AsyncBasics", "AsyncBasics\AsyncBasics.csproj", "{AC4AFF7B-1EDA-4AE9-B431-2E90C01123D9}"
EndProject
Global
	GlobalSection(SolutionConfigurationPlatforms) = preSolution
		Debug|Any CPU = Debug|Any CPU
		Release|Any CPU = Release|Any CPU
	EndGlobalSection
	GlobalSection(ProjectConfigurationPlatforms) = postSolution
		{AC4AFF7B-1EDA-4AE9-B431-2E90C01123D9}.Debug|Any CPU.ActiveCfg = Debug|Any CPU
		{AC4AFF7B-1EDA-4AE9-B431-2E90C01123D9}.Debug|Any CPU.Build.0 = Debug|Any CPU
		{AC4AFF7B-1EDA-4AE9-B431-2E90C01123D9}.Release|Any CPU.ActiveCfg = Release|Any CPU
		{AC4AFF7B-1EDA-4AE9-B431-2E90C01123D9}.Release|Any CPU.Build.0 = Release|Any CPU
	EndGlobalSection
	GlobalSection(SolutionProperties) = preSolution
		HideSolutionNode = FALSE
	EndGlobalSection
	GlobalSection(ExtensibilityGlobals) = postSolution
		SolutionGuid = {7A167F22-BBD0-4C58-8E46-0B1D74112BD4}
	EndGlobalSection
EndGlobal
