
Microsoft Visual Studio Solution File, Format Version 12.00
# Visual Studio Version 17
VisualStudioVersion = 17.12.35521.163 d17.12
MinimumVisualStudioVersion = 10.0.40219.1
Project("{2150E333-8FDC-42A3-9474-1A3956D46DE8}") = "src", "src", "{6E687A64-EA93-4EAB-BDAC-159A52A8CAAD}"
EndProject
Project("{2150E333-8FDC-42A3-9474-1A3956D46DE8}") = "Services", "Services", "{DCC8010C-C162-4C58-9F41-787225828E2D}"
EndProject
Project("{FAE04EC0-301F-11D3-BF4B-00C04F79EFBC}") = "Messaging.Catalog", "src\Services\Catalog\Messaging.Catalog\Messaging.Catalog.csproj", "{318B4F24-AC55-4B76-8C6B-8BA0CB8DCA27}"
EndProject
Project("{2150E333-8FDC-42A3-9474-1A3956D46DE8}") = "Common", "Common", "{389CA478-18C4-448F-A1A6-547E7D690DF7}"
EndProject
Project("{FAE04EC0-301F-11D3-BF4B-00C04F79EFBC}") = "Messaging.MessageBus", "src\Common\Messaging.MessageBus\Messaging.MessageBus.csproj", "{00494AFA-23D9-445E-8D91-60D3146F2D3D}"
EndProject
Project("{FAE04EC0-301F-11D3-BF4B-00C04F79EFBC}") = "Messaging.Basket", "src\Services\Basket\Messaging.Basket\Messaging.Basket.csproj", "{BC91DE7F-02E0-41C5-8A92-C17F05602E63}"
EndProject
Project("{FAE04EC0-301F-11D3-BF4B-00C04F79EFBC}") = "Messaging.Orders", "src\Services\Orders\Messaging.Orders\Messaging.Orders.csproj", "{56B50754-413B-41D2-AC2E-FC8A3982722D}"
EndProject
Global
	GlobalSection(SolutionConfigurationPlatforms) = preSolution
		Debug|Any CPU = Debug|Any CPU
		Release|Any CPU = Release|Any CPU
	EndGlobalSection
	GlobalSection(ProjectConfigurationPlatforms) = postSolution
		{318B4F24-AC55-4B76-8C6B-8BA0CB8DCA27}.Debug|Any CPU.ActiveCfg = Debug|Any CPU
		{318B4F24-AC55-4B76-8C6B-8BA0CB8DCA27}.Debug|Any CPU.Build.0 = Debug|Any CPU
		{318B4F24-AC55-4B76-8C6B-8BA0CB8DCA27}.Release|Any CPU.ActiveCfg = Release|Any CPU
		{318B4F24-AC55-4B76-8C6B-8BA0CB8DCA27}.Release|Any CPU.Build.0 = Release|Any CPU
		{00494AFA-23D9-445E-8D91-60D3146F2D3D}.Debug|Any CPU.ActiveCfg = Debug|Any CPU
		{00494AFA-23D9-445E-8D91-60D3146F2D3D}.Debug|Any CPU.Build.0 = Debug|Any CPU
		{00494AFA-23D9-445E-8D91-60D3146F2D3D}.Release|Any CPU.ActiveCfg = Release|Any CPU
		{00494AFA-23D9-445E-8D91-60D3146F2D3D}.Release|Any CPU.Build.0 = Release|Any CPU
		{BC91DE7F-02E0-41C5-8A92-C17F05602E63}.Debug|Any CPU.ActiveCfg = Debug|Any CPU
		{BC91DE7F-02E0-41C5-8A92-C17F05602E63}.Debug|Any CPU.Build.0 = Debug|Any CPU
		{BC91DE7F-02E0-41C5-8A92-C17F05602E63}.Release|Any CPU.ActiveCfg = Release|Any CPU
		{BC91DE7F-02E0-41C5-8A92-C17F05602E63}.Release|Any CPU.Build.0 = Release|Any CPU
		{56B50754-413B-41D2-AC2E-FC8A3982722D}.Debug|Any CPU.ActiveCfg = Debug|Any CPU
		{56B50754-413B-41D2-AC2E-FC8A3982722D}.Debug|Any CPU.Build.0 = Debug|Any CPU
		{56B50754-413B-41D2-AC2E-FC8A3982722D}.Release|Any CPU.ActiveCfg = Release|Any CPU
		{56B50754-413B-41D2-AC2E-FC8A3982722D}.Release|Any CPU.Build.0 = Release|Any CPU
	EndGlobalSection
	GlobalSection(SolutionProperties) = preSolution
		HideSolutionNode = FALSE
	EndGlobalSection
	GlobalSection(NestedProjects) = preSolution
		{DCC8010C-C162-4C58-9F41-787225828E2D} = {6E687A64-EA93-4EAB-BDAC-159A52A8CAAD}
		{318B4F24-AC55-4B76-8C6B-8BA0CB8DCA27} = {DCC8010C-C162-4C58-9F41-787225828E2D}
		{389CA478-18C4-448F-A1A6-547E7D690DF7} = {6E687A64-EA93-4EAB-BDAC-159A52A8CAAD}
		{00494AFA-23D9-445E-8D91-60D3146F2D3D} = {389CA478-18C4-448F-A1A6-547E7D690DF7}
		{BC91DE7F-02E0-41C5-8A92-C17F05602E63} = {DCC8010C-C162-4C58-9F41-787225828E2D}
		{56B50754-413B-41D2-AC2E-FC8A3982722D} = {DCC8010C-C162-4C58-9F41-787225828E2D}
	EndGlobalSection
EndGlobal
